
Microsoft Visual Studio Solution File, Format Version 12.00
# Visual Studio Version 16
VisualStudioVersion = 16.0.29418.71
MinimumVisualStudioVersion = 10.0.40219.1
Project("{2150E333-8FDC-42A3-9474-1A3956D46DE8}") = "src", "src", "{0C78EB34-D8A9-4004-8F8B-994E9CC1F71B}"
EndProject
Project("{2150E333-8FDC-42A3-9474-1A3956D46DE8}") = "Product", "Product", "{17A8B62D-1DFF-4B4E-8973-1B1265D1D203}"
EndProject
Project("{2150E333-8FDC-42A3-9474-1A3956D46DE8}") = "WebApp", "WebApp", "{8BAAE720-01D8-4E8E-96B7-9E7E19872D79}"
EndProject
Project("{2150E333-8FDC-42A3-9474-1A3956D46DE8}") = "Infrastructure", "Infrastructure", "{770FFC6E-8B10-44BA-B897-709F493D0E42}"
EndProject
Project("{9A19103F-16F7-4668-BE54-9A1E7A4F7556}") = "InfrastructureLibrary", "InfrastructureLibrary\InfrastructureLibrary.csproj", "{C48609CA-2157-4F84-9DC3-A68ACA7BCFDE}"
EndProject
Project("{2150E333-8FDC-42A3-9474-1A3956D46DE8}") = "Customer", "Customer", "{F74E1220-7DE1-44A5-BFEC-D8599532B5E8}"
EndProject
Project("{2150E333-8FDC-42A3-9474-1A3956D46DE8}") = "ApiGateway", "ApiGateway", "{BCC4F4D1-CF1F-437B-AD04-1449E69DE22C}"
EndProject
Project("{2150E333-8FDC-42A3-9474-1A3956D46DE8}") = "NotificationService", "NotificationService", "{94E907A2-1A83-4ED5-A966-3F3BF850A055}"
EndProject
Project("{2150E333-8FDC-42A3-9474-1A3956D46DE8}") = "Order", "Order", "{CC073E22-A1B4-45BD-9BA5-007A7C6EEFD1}"
EndProject
Project("{E53339B2-1760-4266-BCC7-CA923CBCF16C}") = "docker-compose", "docker-compose.dcproj", "{60647A62-7D72-4274-AE1E-AE7D24F9B11A}"
EndProject
Project("{2150E333-8FDC-42A3-9474-1A3956D46DE8}") = "Basket", "Basket", "{44D336ED-A7E7-4B5E-832F-17B0B5E4495F}"
EndProject
Project("{2150E333-8FDC-42A3-9474-1A3956D46DE8}") = "Discount", "Discount", "{A4D80300-CC69-404E-A078-35246E8543AC}"
EndProject
Project("{9A19103F-16F7-4668-BE54-9A1E7A4F7556}") = "ProductManagementApi", "Product\ProductManagementApi\ProductManagementApi.csproj", "{9DEF0BDC-DA58-44A7-915A-3C98C6ED4DFC}"
EndProject
Project("{9A19103F-16F7-4668-BE54-9A1E7A4F7556}") = "OrderManagementApi.Clean.Api", "Order\OrderManagementApi.Clean.Api\OrderManagementApi.Clean.Api.csproj", "{013B909D-4FC9-46CC-BABB-97E8B9F926D5}"
EndProject
Project("{9A19103F-16F7-4668-BE54-9A1E7A4F7556}") = "OrderManagementApi", "Order\OrderManagementApi\OrderManagementApi.csproj", "{D87FDB13-65CA-498F-9D52-3648691E778B}"
EndProject
Project("{9A19103F-16F7-4668-BE54-9A1E7A4F7556}") = "OrderManagementApi.Clean.Application", "Order\OrderManagementApi.Clean.Application\OrderManagementApi.Clean.Application.csproj", "{33CFCAAE-ED1A-46D3-930D-DD2A9B84E3E2}"
EndProject
Project("{9A19103F-16F7-4668-BE54-9A1E7A4F7556}") = "OrderManagementApi.Clean.Domain", "Order\OrderManagementApi.Clean.Domain\OrderManagementApi.Clean.Domain.csproj", "{A76DEE73-6A07-4179-AD1C-21597566CB17}"
EndProject
Project("{9A19103F-16F7-4668-BE54-9A1E7A4F7556}") = "Discount.Grpc", "Discount\Discount.Grpc\Discount.Grpc.csproj", "{9278EBB6-B1C7-46CB-B1D0-92B49A4D0242}"
EndProject
Project("{9A19103F-16F7-4668-BE54-9A1E7A4F7556}") = "DiscountAPI", "Discount\DiscountAPI\DiscountAPI.csproj", "{89574209-7675-42C5-A992-8246AE9CAD21}"
EndProject
Project("{9A19103F-16F7-4668-BE54-9A1E7A4F7556}") = "BasketAPI", "Basket\BasketAPI\BasketAPI.csproj", "{BF2699DB-3B99-430A-8D97-72ABAF6FB03E}"
EndProject
Project("{9A19103F-16F7-4668-BE54-9A1E7A4F7556}") = "OcelotApiGateway", "ApiGateway\OcelotApiGateway\OcelotApiGateway.csproj", "{1461DBF4-4AB3-493A-ABC1-AF8118BA36EE}"
EndProject
Project("{9A19103F-16F7-4668-BE54-9A1E7A4F7556}") = "CustomerManagementApi", "Customer\CustomerManagementApi\CustomerManagementApi.csproj", "{774D0829-C6ED-4751-AFD5-CC891F037245}"
EndProject
Project("{9A19103F-16F7-4668-BE54-9A1E7A4F7556}") = "EmailNotificationService", "NotificationService\EmailNotificationService\EmailNotificationService.csproj", "{56B2E8D9-5B21-471C-81F1-5FD5CD675C9C}"
EndProject
Project("{9A19103F-16F7-4668-BE54-9A1E7A4F7556}") = "eCommerceWebApp", "WebApp\eCommerceWebApp\eCommerceWebApp.csproj", "{13C2EABD-3FEE-4A79-A95C-9A8D9567A55B}"
EndProject
Global
	GlobalSection(SolutionConfigurationPlatforms) = preSolution
		Debug|Any CPU = Debug|Any CPU
		Release|Any CPU = Release|Any CPU
	EndGlobalSection
	GlobalSection(ProjectConfigurationPlatforms) = postSolution
		{C48609CA-2157-4F84-9DC3-A68ACA7BCFDE}.Debug|Any CPU.ActiveCfg = Debug|Any CPU
		{C48609CA-2157-4F84-9DC3-A68ACA7BCFDE}.Debug|Any CPU.Build.0 = Debug|Any CPU
		{C48609CA-2157-4F84-9DC3-A68ACA7BCFDE}.Release|Any CPU.ActiveCfg = Release|Any CPU
		{C48609CA-2157-4F84-9DC3-A68ACA7BCFDE}.Release|Any CPU.Build.0 = Release|Any CPU
		{60647A62-7D72-4274-AE1E-AE7D24F9B11A}.Debug|Any CPU.ActiveCfg = Debug|Any CPU
		{60647A62-7D72-4274-AE1E-AE7D24F9B11A}.Debug|Any CPU.Build.0 = Debug|Any CPU
		{60647A62-7D72-4274-AE1E-AE7D24F9B11A}.Release|Any CPU.ActiveCfg = Release|Any CPU
		{60647A62-7D72-4274-AE1E-AE7D24F9B11A}.Release|Any CPU.Build.0 = Release|Any CPU
		{9DEF0BDC-DA58-44A7-915A-3C98C6ED4DFC}.Debug|Any CPU.ActiveCfg = Debug|Any CPU
		{9DEF0BDC-DA58-44A7-915A-3C98C6ED4DFC}.Debug|Any CPU.Build.0 = Debug|Any CPU
		{9DEF0BDC-DA58-44A7-915A-3C98C6ED4DFC}.Release|Any CPU.ActiveCfg = Release|Any CPU
		{9DEF0BDC-DA58-44A7-915A-3C98C6ED4DFC}.Release|Any CPU.Build.0 = Release|Any CPU
		{013B909D-4FC9-46CC-BABB-97E8B9F926D5}.Debug|Any CPU.ActiveCfg = Debug|Any CPU
		{013B909D-4FC9-46CC-BABB-97E8B9F926D5}.Debug|Any CPU.Build.0 = Debug|Any CPU
		{013B909D-4FC9-46CC-BABB-97E8B9F926D5}.Release|Any CPU.ActiveCfg = Release|Any CPU
		{013B909D-4FC9-46CC-BABB-97E8B9F926D5}.Release|Any CPU.Build.0 = Release|Any CPU
		{D87FDB13-65CA-498F-9D52-3648691E778B}.Debug|Any CPU.ActiveCfg = Debug|Any CPU
		{D87FDB13-65CA-498F-9D52-3648691E778B}.Debug|Any CPU.Build.0 = Debug|Any CPU
		{D87FDB13-65CA-498F-9D52-3648691E778B}.Release|Any CPU.ActiveCfg = Release|Any CPU
		{D87FDB13-65CA-498F-9D52-3648691E778B}.Release|Any CPU.Build.0 = Release|Any CPU
		{33CFCAAE-ED1A-46D3-930D-DD2A9B84E3E2}.Debug|Any CPU.ActiveCfg = Debug|Any CPU
		{33CFCAAE-ED1A-46D3-930D-DD2A9B84E3E2}.Debug|Any CPU.Build.0 = Debug|Any CPU
		{33CFCAAE-ED1A-46D3-930D-DD2A9B84E3E2}.Release|Any CPU.ActiveCfg = Release|Any CPU
		{33CFCAAE-ED1A-46D3-930D-DD2A9B84E3E2}.Release|Any CPU.Build.0 = Release|Any CPU
		{A76DEE73-6A07-4179-AD1C-21597566CB17}.Debug|Any CPU.ActiveCfg = Debug|Any CPU
		{A76DEE73-6A07-4179-AD1C-21597566CB17}.Debug|Any CPU.Build.0 = Debug|Any CPU
		{A76DEE73-6A07-4179-AD1C-21597566CB17}.Release|Any CPU.ActiveCfg = Release|Any CPU
		{A76DEE73-6A07-4179-AD1C-21597566CB17}.Release|Any CPU.Build.0 = Release|Any CPU
		{9278EBB6-B1C7-46CB-B1D0-92B49A4D0242}.Debug|Any CPU.ActiveCfg = Debug|Any CPU
		{9278EBB6-B1C7-46CB-B1D0-92B49A4D0242}.Debug|Any CPU.Build.0 = Debug|Any CPU
		{9278EBB6-B1C7-46CB-B1D0-92B49A4D0242}.Release|Any CPU.ActiveCfg = Release|Any CPU
		{9278EBB6-B1C7-46CB-B1D0-92B49A4D0242}.Release|Any CPU.Build.0 = Release|Any CPU
		{89574209-7675-42C5-A992-8246AE9CAD21}.Debug|Any CPU.ActiveCfg = Debug|Any CPU
		{89574209-7675-42C5-A992-8246AE9CAD21}.Debug|Any CPU.Build.0 = Debug|Any CPU
		{89574209-7675-42C5-A992-8246AE9CAD21}.Release|Any CPU.ActiveCfg = Release|Any CPU
		{89574209-7675-42C5-A992-8246AE9CAD21}.Release|Any CPU.Build.0 = Release|Any CPU
		{BF2699DB-3B99-430A-8D97-72ABAF6FB03E}.Debug|Any CPU.ActiveCfg = Debug|Any CPU
		{BF2699DB-3B99-430A-8D97-72ABAF6FB03E}.Debug|Any CPU.Build.0 = Debug|Any CPU
		{BF2699DB-3B99-430A-8D97-72ABAF6FB03E}.Release|Any CPU.ActiveCfg = Release|Any CPU
		{BF2699DB-3B99-430A-8D97-72ABAF6FB03E}.Release|Any CPU.Build.0 = Release|Any CPU
		{1461DBF4-4AB3-493A-ABC1-AF8118BA36EE}.Debug|Any CPU.ActiveCfg = Debug|Any CPU
		{1461DBF4-4AB3-493A-ABC1-AF8118BA36EE}.Debug|Any CPU.Build.0 = Debug|Any CPU
		{1461DBF4-4AB3-493A-ABC1-AF8118BA36EE}.Release|Any CPU.ActiveCfg = Release|Any CPU
		{1461DBF4-4AB3-493A-ABC1-AF8118BA36EE}.Release|Any CPU.Build.0 = Release|Any CPU
		{774D0829-C6ED-4751-AFD5-CC891F037245}.Debug|Any CPU.ActiveCfg = Debug|Any CPU
		{774D0829-C6ED-4751-AFD5-CC891F037245}.Debug|Any CPU.Build.0 = Debug|Any CPU
		{774D0829-C6ED-4751-AFD5-CC891F037245}.Release|Any CPU.ActiveCfg = Release|Any CPU
		{774D0829-C6ED-4751-AFD5-CC891F037245}.Release|Any CPU.Build.0 = Release|Any CPU
		{56B2E8D9-5B21-471C-81F1-5FD5CD675C9C}.Debug|Any CPU.ActiveCfg = Debug|Any CPU
		{56B2E8D9-5B21-471C-81F1-5FD5CD675C9C}.Debug|Any CPU.Build.0 = Debug|Any CPU
		{56B2E8D9-5B21-471C-81F1-5FD5CD675C9C}.Release|Any CPU.ActiveCfg = Release|Any CPU
		{56B2E8D9-5B21-471C-81F1-5FD5CD675C9C}.Release|Any CPU.Build.0 = Release|Any CPU
		{13C2EABD-3FEE-4A79-A95C-9A8D9567A55B}.Debug|Any CPU.ActiveCfg = Debug|Any CPU
		{13C2EABD-3FEE-4A79-A95C-9A8D9567A55B}.Debug|Any CPU.Build.0 = Debug|Any CPU
		{13C2EABD-3FEE-4A79-A95C-9A8D9567A55B}.Release|Any CPU.ActiveCfg = Release|Any CPU
		{13C2EABD-3FEE-4A79-A95C-9A8D9567A55B}.Release|Any CPU.Build.0 = Release|Any CPU
	EndGlobalSection
	GlobalSection(SolutionProperties) = preSolution
		HideSolutionNode = FALSE
	EndGlobalSection
	GlobalSection(NestedProjects) = preSolution
		{17A8B62D-1DFF-4B4E-8973-1B1265D1D203} = {0C78EB34-D8A9-4004-8F8B-994E9CC1F71B}
		{8BAAE720-01D8-4E8E-96B7-9E7E19872D79} = {0C78EB34-D8A9-4004-8F8B-994E9CC1F71B}
		{770FFC6E-8B10-44BA-B897-709F493D0E42} = {0C78EB34-D8A9-4004-8F8B-994E9CC1F71B}
		{C48609CA-2157-4F84-9DC3-A68ACA7BCFDE} = {770FFC6E-8B10-44BA-B897-709F493D0E42}
		{F74E1220-7DE1-44A5-BFEC-D8599532B5E8} = {0C78EB34-D8A9-4004-8F8B-994E9CC1F71B}
		{BCC4F4D1-CF1F-437B-AD04-1449E69DE22C} = {0C78EB34-D8A9-4004-8F8B-994E9CC1F71B}
		{94E907A2-1A83-4ED5-A966-3F3BF850A055} = {0C78EB34-D8A9-4004-8F8B-994E9CC1F71B}
		{CC073E22-A1B4-45BD-9BA5-007A7C6EEFD1} = {0C78EB34-D8A9-4004-8F8B-994E9CC1F71B}
		{44D336ED-A7E7-4B5E-832F-17B0B5E4495F} = {0C78EB34-D8A9-4004-8F8B-994E9CC1F71B}
		{A4D80300-CC69-404E-A078-35246E8543AC} = {0C78EB34-D8A9-4004-8F8B-994E9CC1F71B}
		{9DEF0BDC-DA58-44A7-915A-3C98C6ED4DFC} = {17A8B62D-1DFF-4B4E-8973-1B1265D1D203}
		{013B909D-4FC9-46CC-BABB-97E8B9F926D5} = {CC073E22-A1B4-45BD-9BA5-007A7C6EEFD1}
		{D87FDB13-65CA-498F-9D52-3648691E778B} = {CC073E22-A1B4-45BD-9BA5-007A7C6EEFD1}
		{33CFCAAE-ED1A-46D3-930D-DD2A9B84E3E2} = {CC073E22-A1B4-45BD-9BA5-007A7C6EEFD1}
		{A76DEE73-6A07-4179-AD1C-21597566CB17} = {CC073E22-A1B4-45BD-9BA5-007A7C6EEFD1}
		{9278EBB6-B1C7-46CB-B1D0-92B49A4D0242} = {A4D80300-CC69-404E-A078-35246E8543AC}
		{89574209-7675-42C5-A992-8246AE9CAD21} = {A4D80300-CC69-404E-A078-35246E8543AC}
		{BF2699DB-3B99-430A-8D97-72ABAF6FB03E} = {44D336ED-A7E7-4B5E-832F-17B0B5E4495F}
		{1461DBF4-4AB3-493A-ABC1-AF8118BA36EE} = {BCC4F4D1-CF1F-437B-AD04-1449E69DE22C}
		{774D0829-C6ED-4751-AFD5-CC891F037245} = {F74E1220-7DE1-44A5-BFEC-D8599532B5E8}
		{56B2E8D9-5B21-471C-81F1-5FD5CD675C9C} = {94E907A2-1A83-4ED5-A966-3F3BF850A055}
		{13C2EABD-3FEE-4A79-A95C-9A8D9567A55B} = {8BAAE720-01D8-4E8E-96B7-9E7E19872D79}
	EndGlobalSection
	GlobalSection(ExtensibilityGlobals) = postSolution
		SolutionGuid = {1345D665-7C36-4E48-8835-D3AF04D9A2D9}
	EndGlobalSection
EndGlobal
