
Microsoft Visual Studio Solution File, Format Version 12.00
# Visual Studio Version 16
VisualStudioVersion = 16.0.29418.71
MinimumVisualStudioVersion = 10.0.40219.1
Project("{2150E333-8FDC-42A3-9474-1A3956D46DE8}") = "src", "src", "{0C78EB34-D8A9-4004-8F8B-994E9CC1F71B}"
EndProject
Project("{2150E333-8FDC-42A3-9474-1A3956D46DE8}") = "Product", "Product", "{17A8B62D-1DFF-4B4E-8973-1B1265D1D203}"
EndProject
Project("{2150E333-8FDC-42A3-9474-1A3956D46DE8}") = "WebApp", "WebApp", "{8BAAE720-01D8-4E8E-96B7-9E7E19872D79}"
EndProject
Project("{2150E333-8FDC-42A3-9474-1A3956D46DE8}") = "Infrastructure", "Infrastructure", "{770FFC6E-8B10-44BA-B897-709F493D0E42}"
EndProject
Project("{2150E333-8FDC-42A3-9474-1A3956D46DE8}") = "Customer", "Customer", "{F74E1220-7DE1-44A5-BFEC-D8599532B5E8}"
EndProject
Project("{2150E333-8FDC-42A3-9474-1A3956D46DE8}") = "ApiGateway", "ApiGateway", "{BCC4F4D1-CF1F-437B-AD04-1449E69DE22C}"
EndProject
Project("{2150E333-8FDC-42A3-9474-1A3956D46DE8}") = "NotificationService", "NotificationService", "{94E907A2-1A83-4ED5-A966-3F3BF850A055}"
EndProject
Project("{2150E333-8FDC-42A3-9474-1A3956D46DE8}") = "Order", "Order", "{CC073E22-A1B4-45BD-9BA5-007A7C6EEFD1}"
EndProject
Project("{E53339B2-1760-4266-BCC7-CA923CBCF16C}") = "docker-compose", "docker-compose.dcproj", "{60647A62-7D72-4274-AE1E-AE7D24F9B11A}"
EndProject
Project("{2150E333-8FDC-42A3-9474-1A3956D46DE8}") = "Basket", "Basket", "{44D336ED-A7E7-4B5E-832F-17B0B5E4495F}"
EndProject
Project("{2150E333-8FDC-42A3-9474-1A3956D46DE8}") = "Discount", "Discount", "{A4D80300-CC69-404E-A078-35246E8543AC}"
EndProject
Project("{9A19103F-16F7-4668-BE54-9A1E7A4F7556}") = "OcelotApiGateway", "ApiGateway\OcelotApiGateway\OcelotApiGateway.csproj", "{1461DBF4-4AB3-493A-ABC1-AF8118BA36EE}"
EndProject
Project("{9A19103F-16F7-4668-BE54-9A1E7A4F7556}") = "BasketAPI", "Services\Basket\BasketAPI\BasketAPI.csproj", "{7DEA3A43-6F27-4EC1-80D3-DF047A1590A4}"
EndProject
Project("{9A19103F-16F7-4668-BE54-9A1E7A4F7556}") = "CustomerManagementApi", "Services\Customer\CustomerManagementApi\CustomerManagementApi.csproj", "{0AF19EC4-B4F3-4D3C-8D11-FA929C8FDAC7}"
EndProject
Project("{9A19103F-16F7-4668-BE54-9A1E7A4F7556}") = "Discount.Grpc", "Services\Discount\Discount.Grpc\Discount.Grpc.csproj", "{DD6DFF8C-9D52-4788-A7E5-0309C968C219}"
EndProject
Project("{9A19103F-16F7-4668-BE54-9A1E7A4F7556}") = "DiscountAPI", "Services\Discount\DiscountAPI\DiscountAPI.csproj", "{B2C8AB0E-93CC-4ABA-A78C-FCE3848BF086}"
EndProject
Project("{2150E333-8FDC-42A3-9474-1A3956D46DE8}") = "Services", "Services", "{CF745580-9031-4630-87CF-75285C20ED4E}"
EndProject
Project("{9A19103F-16F7-4668-BE54-9A1E7A4F7556}") = "EmailNotificationService", "Services\NotificationService\EmailNotificationService\EmailNotificationService.csproj", "{C4AD9CBA-43C5-4A18-8944-B3382FDF5524}"
EndProject
Project("{9A19103F-16F7-4668-BE54-9A1E7A4F7556}") = "OrderManagementApi.Clean.Api", "Services\Order\OrderManagementApi.Clean.Api\OrderManagementApi.Clean.Api.csproj", "{BF2F16B5-56AF-4859-8DA6-AF62A697844D}"
EndProject
Project("{9A19103F-16F7-4668-BE54-9A1E7A4F7556}") = "OrderManagementApi.Clean.Application", "Services\Order\OrderManagementApi.Clean.Application\OrderManagementApi.Clean.Application.csproj", "{B9BB3E8A-E525-48E0-98B0-80B7A5C5CA88}"
EndProject
Project("{9A19103F-16F7-4668-BE54-9A1E7A4F7556}") = "OrderManagementApi.Clean.Domain", "Services\Order\OrderManagementApi.Clean.Domain\OrderManagementApi.Clean.Domain.csproj", "{2A9D9D83-688A-4E44-A29F-11CD92E11779}"
EndProject
Project("{9A19103F-16F7-4668-BE54-9A1E7A4F7556}") = "OrderManagementApi.Clean.Infrastructure", "Services\Order\OrderManagementApi.Clean.Infrastructure\OrderManagementApi.Clean.Infrastructure.csproj", "{D371258B-F684-4FEA-9A5A-51093ADB2A75}"
EndProject
Project("{9A19103F-16F7-4668-BE54-9A1E7A4F7556}") = "ProductManagementApi", "Services\Product\ProductManagementApi\ProductManagementApi.csproj", "{77AF5E77-3A97-4638-B20C-2F7A5B292DF7}"
EndProject
Project("{9A19103F-16F7-4668-BE54-9A1E7A4F7556}") = "InfrastructureLibrary", "Infrastructure\InfrastructureLibrary\InfrastructureLibrary.csproj", "{A7436790-5111-4B75-A4D6-D41006C4C525}"
EndProject
Project("{9A19103F-16F7-4668-BE54-9A1E7A4F7556}") = "Shopping.Aggregator", "ApiGateway\Shopping.Aggregator\Shopping.Aggregator.csproj", "{D3CD8944-EC0F-4F12-A21F-FBC5FC2E827F}"
EndProject
Project("{9A19103F-16F7-4668-BE54-9A1E7A4F7556}") = "eCommerceWebApp", "WebApp\eCommerceWeb\eCommerceWebApp.csproj", "{381F8F23-A7BB-4AB2-A2A7-BC1D0E06620A}"
EndProject
Global
	GlobalSection(SolutionConfigurationPlatforms) = preSolution
		Debug|Any CPU = Debug|Any CPU
		Release|Any CPU = Release|Any CPU
	EndGlobalSection
	GlobalSection(ProjectConfigurationPlatforms) = postSolution
		{60647A62-7D72-4274-AE1E-AE7D24F9B11A}.Debug|Any CPU.ActiveCfg = Debug|Any CPU
		{60647A62-7D72-4274-AE1E-AE7D24F9B11A}.Debug|Any CPU.Build.0 = Debug|Any CPU
		{60647A62-7D72-4274-AE1E-AE7D24F9B11A}.Release|Any CPU.ActiveCfg = Release|Any CPU
		{60647A62-7D72-4274-AE1E-AE7D24F9B11A}.Release|Any CPU.Build.0 = Release|Any CPU
		{1461DBF4-4AB3-493A-ABC1-AF8118BA36EE}.Debug|Any CPU.ActiveCfg = Debug|Any CPU
		{1461DBF4-4AB3-493A-ABC1-AF8118BA36EE}.Debug|Any CPU.Build.0 = Debug|Any CPU
		{1461DBF4-4AB3-493A-ABC1-AF8118BA36EE}.Release|Any CPU.ActiveCfg = Release|Any CPU
		{1461DBF4-4AB3-493A-ABC1-AF8118BA36EE}.Release|Any CPU.Build.0 = Release|Any CPU
		{7DEA3A43-6F27-4EC1-80D3-DF047A1590A4}.Debug|Any CPU.ActiveCfg = Debug|Any CPU
		{7DEA3A43-6F27-4EC1-80D3-DF047A1590A4}.Debug|Any CPU.Build.0 = Debug|Any CPU
		{7DEA3A43-6F27-4EC1-80D3-DF047A1590A4}.Release|Any CPU.ActiveCfg = Release|Any CPU
		{7DEA3A43-6F27-4EC1-80D3-DF047A1590A4}.Release|Any CPU.Build.0 = Release|Any CPU
		{0AF19EC4-B4F3-4D3C-8D11-FA929C8FDAC7}.Debug|Any CPU.ActiveCfg = Debug|Any CPU
		{0AF19EC4-B4F3-4D3C-8D11-FA929C8FDAC7}.Debug|Any CPU.Build.0 = Debug|Any CPU
		{0AF19EC4-B4F3-4D3C-8D11-FA929C8FDAC7}.Release|Any CPU.ActiveCfg = Release|Any CPU
		{0AF19EC4-B4F3-4D3C-8D11-FA929C8FDAC7}.Release|Any CPU.Build.0 = Release|Any CPU
		{DD6DFF8C-9D52-4788-A7E5-0309C968C219}.Debug|Any CPU.ActiveCfg = Debug|Any CPU
		{DD6DFF8C-9D52-4788-A7E5-0309C968C219}.Debug|Any CPU.Build.0 = Debug|Any CPU
		{DD6DFF8C-9D52-4788-A7E5-0309C968C219}.Release|Any CPU.ActiveCfg = Release|Any CPU
		{DD6DFF8C-9D52-4788-A7E5-0309C968C219}.Release|Any CPU.Build.0 = Release|Any CPU
		{B2C8AB0E-93CC-4ABA-A78C-FCE3848BF086}.Debug|Any CPU.ActiveCfg = Debug|Any CPU
		{B2C8AB0E-93CC-4ABA-A78C-FCE3848BF086}.Debug|Any CPU.Build.0 = Debug|Any CPU
		{B2C8AB0E-93CC-4ABA-A78C-FCE3848BF086}.Release|Any CPU.ActiveCfg = Release|Any CPU
		{B2C8AB0E-93CC-4ABA-A78C-FCE3848BF086}.Release|Any CPU.Build.0 = Release|Any CPU
		{C4AD9CBA-43C5-4A18-8944-B3382FDF5524}.Debug|Any CPU.ActiveCfg = Debug|Any CPU
		{C4AD9CBA-43C5-4A18-8944-B3382FDF5524}.Debug|Any CPU.Build.0 = Debug|Any CPU
		{C4AD9CBA-43C5-4A18-8944-B3382FDF5524}.Release|Any CPU.ActiveCfg = Release|Any CPU
		{C4AD9CBA-43C5-4A18-8944-B3382FDF5524}.Release|Any CPU.Build.0 = Release|Any CPU
		{BF2F16B5-56AF-4859-8DA6-AF62A697844D}.Debug|Any CPU.ActiveCfg = Debug|Any CPU
		{BF2F16B5-56AF-4859-8DA6-AF62A697844D}.Debug|Any CPU.Build.0 = Debug|Any CPU
		{BF2F16B5-56AF-4859-8DA6-AF62A697844D}.Release|Any CPU.ActiveCfg = Release|Any CPU
		{BF2F16B5-56AF-4859-8DA6-AF62A697844D}.Release|Any CPU.Build.0 = Release|Any CPU
		{B9BB3E8A-E525-48E0-98B0-80B7A5C5CA88}.Debug|Any CPU.ActiveCfg = Debug|Any CPU
		{B9BB3E8A-E525-48E0-98B0-80B7A5C5CA88}.Debug|Any CPU.Build.0 = Debug|Any CPU
		{B9BB3E8A-E525-48E0-98B0-80B7A5C5CA88}.Release|Any CPU.ActiveCfg = Release|Any CPU
		{B9BB3E8A-E525-48E0-98B0-80B7A5C5CA88}.Release|Any CPU.Build.0 = Release|Any CPU
		{2A9D9D83-688A-4E44-A29F-11CD92E11779}.Debug|Any CPU.ActiveCfg = Debug|Any CPU
		{2A9D9D83-688A-4E44-A29F-11CD92E11779}.Debug|Any CPU.Build.0 = Debug|Any CPU
		{2A9D9D83-688A-4E44-A29F-11CD92E11779}.Release|Any CPU.ActiveCfg = Release|Any CPU
		{2A9D9D83-688A-4E44-A29F-11CD92E11779}.Release|Any CPU.Build.0 = Release|Any CPU
		{D371258B-F684-4FEA-9A5A-51093ADB2A75}.Debug|Any CPU.ActiveCfg = Debug|Any CPU
		{D371258B-F684-4FEA-9A5A-51093ADB2A75}.Debug|Any CPU.Build.0 = Debug|Any CPU
		{D371258B-F684-4FEA-9A5A-51093ADB2A75}.Release|Any CPU.ActiveCfg = Release|Any CPU
		{D371258B-F684-4FEA-9A5A-51093ADB2A75}.Release|Any CPU.Build.0 = Release|Any CPU
		{77AF5E77-3A97-4638-B20C-2F7A5B292DF7}.Debug|Any CPU.ActiveCfg = Debug|Any CPU
		{77AF5E77-3A97-4638-B20C-2F7A5B292DF7}.Debug|Any CPU.Build.0 = Debug|Any CPU
		{77AF5E77-3A97-4638-B20C-2F7A5B292DF7}.Release|Any CPU.ActiveCfg = Release|Any CPU
		{77AF5E77-3A97-4638-B20C-2F7A5B292DF7}.Release|Any CPU.Build.0 = Release|Any CPU
		{A7436790-5111-4B75-A4D6-D41006C4C525}.Debug|Any CPU.ActiveCfg = Debug|Any CPU
		{A7436790-5111-4B75-A4D6-D41006C4C525}.Debug|Any CPU.Build.0 = Debug|Any CPU
		{A7436790-5111-4B75-A4D6-D41006C4C525}.Release|Any CPU.ActiveCfg = Release|Any CPU
		{A7436790-5111-4B75-A4D6-D41006C4C525}.Release|Any CPU.Build.0 = Release|Any CPU
		{D3CD8944-EC0F-4F12-A21F-FBC5FC2E827F}.Debug|Any CPU.ActiveCfg = Debug|Any CPU
		{D3CD8944-EC0F-4F12-A21F-FBC5FC2E827F}.Debug|Any CPU.Build.0 = Debug|Any CPU
		{D3CD8944-EC0F-4F12-A21F-FBC5FC2E827F}.Release|Any CPU.ActiveCfg = Release|Any CPU
		{D3CD8944-EC0F-4F12-A21F-FBC5FC2E827F}.Release|Any CPU.Build.0 = Release|Any CPU
		{381F8F23-A7BB-4AB2-A2A7-BC1D0E06620A}.Debug|Any CPU.ActiveCfg = Debug|Any CPU
		{381F8F23-A7BB-4AB2-A2A7-BC1D0E06620A}.Debug|Any CPU.Build.0 = Debug|Any CPU
		{381F8F23-A7BB-4AB2-A2A7-BC1D0E06620A}.Release|Any CPU.ActiveCfg = Release|Any CPU
		{381F8F23-A7BB-4AB2-A2A7-BC1D0E06620A}.Release|Any CPU.Build.0 = Release|Any CPU
	EndGlobalSection
	GlobalSection(SolutionProperties) = preSolution
		HideSolutionNode = FALSE
	EndGlobalSection
	GlobalSection(NestedProjects) = preSolution
		{17A8B62D-1DFF-4B4E-8973-1B1265D1D203} = {CF745580-9031-4630-87CF-75285C20ED4E}
		{8BAAE720-01D8-4E8E-96B7-9E7E19872D79} = {0C78EB34-D8A9-4004-8F8B-994E9CC1F71B}
		{770FFC6E-8B10-44BA-B897-709F493D0E42} = {0C78EB34-D8A9-4004-8F8B-994E9CC1F71B}
		{F74E1220-7DE1-44A5-BFEC-D8599532B5E8} = {CF745580-9031-4630-87CF-75285C20ED4E}
		{BCC4F4D1-CF1F-437B-AD04-1449E69DE22C} = {0C78EB34-D8A9-4004-8F8B-994E9CC1F71B}
		{94E907A2-1A83-4ED5-A966-3F3BF850A055} = {CF745580-9031-4630-87CF-75285C20ED4E}
		{CC073E22-A1B4-45BD-9BA5-007A7C6EEFD1} = {CF745580-9031-4630-87CF-75285C20ED4E}
		{44D336ED-A7E7-4B5E-832F-17B0B5E4495F} = {CF745580-9031-4630-87CF-75285C20ED4E}
		{A4D80300-CC69-404E-A078-35246E8543AC} = {CF745580-9031-4630-87CF-75285C20ED4E}
		{1461DBF4-4AB3-493A-ABC1-AF8118BA36EE} = {BCC4F4D1-CF1F-437B-AD04-1449E69DE22C}
		{7DEA3A43-6F27-4EC1-80D3-DF047A1590A4} = {44D336ED-A7E7-4B5E-832F-17B0B5E4495F}
		{0AF19EC4-B4F3-4D3C-8D11-FA929C8FDAC7} = {F74E1220-7DE1-44A5-BFEC-D8599532B5E8}
		{DD6DFF8C-9D52-4788-A7E5-0309C968C219} = {A4D80300-CC69-404E-A078-35246E8543AC}
		{B2C8AB0E-93CC-4ABA-A78C-FCE3848BF086} = {A4D80300-CC69-404E-A078-35246E8543AC}
		{CF745580-9031-4630-87CF-75285C20ED4E} = {0C78EB34-D8A9-4004-8F8B-994E9CC1F71B}
		{C4AD9CBA-43C5-4A18-8944-B3382FDF5524} = {94E907A2-1A83-4ED5-A966-3F3BF850A055}
		{BF2F16B5-56AF-4859-8DA6-AF62A697844D} = {CC073E22-A1B4-45BD-9BA5-007A7C6EEFD1}
		{B9BB3E8A-E525-48E0-98B0-80B7A5C5CA88} = {CC073E22-A1B4-45BD-9BA5-007A7C6EEFD1}
		{2A9D9D83-688A-4E44-A29F-11CD92E11779} = {CC073E22-A1B4-45BD-9BA5-007A7C6EEFD1}
		{D371258B-F684-4FEA-9A5A-51093ADB2A75} = {CC073E22-A1B4-45BD-9BA5-007A7C6EEFD1}
		{77AF5E77-3A97-4638-B20C-2F7A5B292DF7} = {17A8B62D-1DFF-4B4E-8973-1B1265D1D203}
		{A7436790-5111-4B75-A4D6-D41006C4C525} = {770FFC6E-8B10-44BA-B897-709F493D0E42}
		{D3CD8944-EC0F-4F12-A21F-FBC5FC2E827F} = {BCC4F4D1-CF1F-437B-AD04-1449E69DE22C}
		{381F8F23-A7BB-4AB2-A2A7-BC1D0E06620A} = {8BAAE720-01D8-4E8E-96B7-9E7E19872D79}
	EndGlobalSection
	GlobalSection(ExtensibilityGlobals) = postSolution
		SolutionGuid = {1345D665-7C36-4E48-8835-D3AF04D9A2D9}
	EndGlobalSection
EndGlobal
